schema: '2.0'
stages:
  train:
    cmd: python train.py
    deps:
    - path: data
      md5: 21060888834f7220846d1c6f6c04e649.dir
      size: 64128504
      nfiles: 2800
    - path: train.py
      md5: 4b1ef62426df32ac6ea7d1a01f6eaf8f
      size: 4586
    outs:
    - path: bottleneck_features_train.npy
      md5: 5ac70fc3c7a7a1080381ead94ddf491e
      size: 65536128
    - path: bottleneck_features_validation.npy
      md5: c694a5bbb3f173d799285695531f2166
      size: 26214528
    - path: metrics.json
      md5: 2be674aeb92718f49062a1fe2829eaa0
      size: 2028
    - path: model.h5
      md5: da9bc7efac20886d3601c5ddc1bcf920
      size: 8406328
