schema: '2.0'
stages:
  train:
    cmd: python train.py
    deps:
    - path: data
      md5: b8f4d5a78e55e88906d5f4aeaf43802e.dir
      size: 41149064
      nfiles: 1800
    - path: train.py
      md5: 4b1ef62426df32ac6ea7d1a01f6eaf8f
      size: 4586
    outs:
    - path: bottleneck_features_train.npy
      md5: 6732cc2c01339a9b30d68287cfb414e5
      size: 32768128
    - path: bottleneck_features_validation.npy
      md5: c694a5bbb3f173d799285695531f2166
      size: 26214528
    - path: metrics.json
      md5: 92d8d067a181e5776d3aa0d4f46cd563
      size: 2028
    - path: model.h5
      md5: 95c7dabd2755985ec771ed5d2b5010b5
      size: 8406328
